// !$*UTF8*$!
{
	archiveVersion = 1;
	classes = {
	};
	objectVersion = 56;
	objects = {

/* Begin PBXBuildFile section */
		714E11E42F1A0F6D00B428DF /* RobotoCondensed-Light.ttf in Resources */ = {isa = PBXBuildFile; fileRef = 714E11DF2F1A0F6D00B428DF /* RobotoCondensed-Light.ttf */; };
		714E11E52F1A0F6D00B428DF /* RobotoCondensed-Medium.ttf in Resources */ = {isa = PBXBuildFile; fileRef = 714E11E02F1A0F6D00B428DF /* RobotoCondensed-Medium.ttf */; };
		714E11E62F1A0F6D00B428DF /* RobotoCondensed-Regular.ttf in Resources */ = {isa = PBXBuildFile; fileRef = 714E11E12F1A0F6D00B428DF /* RobotoCondensed-Regular.ttf */; };
		714E11E72F1A0F6D00B428DF /* SF-Pro.ttf in Resources */ = {isa = PBXBuildFile; fileRef = 714E11E22F1A0F6D00B428DF /* SF-Pro.ttf */; };
		7175D7DF2F1C245000358362 /* LiveScoreManager.swift in Sources */ = {isa = PBXBuildFile; fileRef = 7175D7DE2F1C245000358362 /* LiveScoreManager.swift */; };
		719D7CFA2F146E7500F0D8C5 /* MatchStatsTableView.swift in Sources */ = {isa = PBXBuildFile; fileRef = 719D7CF92F146E7500F0D8C5 /* MatchStatsTableView.swift */; };
		71DD75F62F1D6DD1006D0BE4 /* BarlowCondensed-SemiBold.ttf in Resources */ = {isa = PBXBuildFile; fileRef = 71DD75F52F1D6DD1006D0BE4 /* BarlowCondensed-SemiBold.ttf */; };
		71DD75F72F1D6DD1006D0BE4 /* BarlowCondensed-Bold.ttf in Resources */ = {isa = PBXBuildFile; fileRef = 71DD75F42F1D6DD1006D0BE4 /* BarlowCondensed-Bold.ttf */; };
		71DD75FB2F1D6DE4006D0BE4 /* BarlowCondensed-Medium.ttf in Resources */ = {isa = PBXBuildFile; fileRef = 71DD75F92F1D6DE4006D0BE4 /* BarlowCondensed-Medium.ttf */; };
		71DD75FC2F1D6DE4006D0BE4 /* BarlowCondensed-Regular.ttf in Resources */ = {isa = PBXBuildFile; fileRef = 71DD75FA2F1D6DE4006D0BE4 /* BarlowCondensed-Regular.ttf */; };
		71DD75FD2F1D6DE4006D0BE4 /* BarlowCondensed-Light.ttf in Resources */ = {isa = PBXBuildFile; fileRef = 71DD75F82F1D6DE4006D0BE4 /* BarlowCondensed-Light.ttf */; };
		71DFDAFE2F0A0F3000B3351D /* CachedAsyncImage.swift in Sources */ = {isa = PBXBuildFile; fileRef = 71DFDAFD2F0A0F3000B3351D /* CachedAsyncImage.swift */; };
		A1000001233456780000001 /* FutbolStatsApp.swift in Sources */ = {isa = PBXBuildFile; fileRef = A1000001233456780000011 /* FutbolStatsApp.swift */; };
		A1000001233456780000002 /* PredictionsListView.swift in Sources */ = {isa = PBXBuildFile; fileRef = A1000001233456780000012 /* PredictionsListView.swift */; };
		A1000001233456780000003 /* MatchDetailView.swift in Sources */ = {isa = PBXBuildFile; fileRef = A1000001233456780000013 /* MatchDetailView.swift */; };
		A1000001233456780000004 /* Match.swift in Sources */ = {isa = PBXBuildFile; fileRef = A1000001233456780000014 /* Match.swift */; };
		A1000001233456780000005 /* APIClient.swift in Sources */ = {isa = PBXBuildFile; fileRef = A1000001233456780000015 /* APIClient.swift */; };
		A1000001233456780000006 /* PredictionsViewModel.swift in Sources */ = {isa = PBXBuildFile; fileRef = A1000001233456780000016 /* PredictionsViewModel.swift */; };
		A1000001233456780000007 /* Assets.xcassets in Resources */ = {isa = PBXBuildFile; fileRef = A1000001233456780000017 /* Assets.xcassets */; };
		A1000001233456780000008 /* TeamsView.swift in Sources */ = {isa = PBXBuildFile; fileRef = A1000001233456780000018 /* TeamsView.swift */; };
		A1000001233456780000009 /* CompetitionsView.swift in Sources */ = {isa = PBXBuildFile; fileRef = A1000001233456780000019 /* CompetitionsView.swift */; };
		A100000123345678000001A /* LeagueStandingsView.swift in Sources */ = {isa = PBXBuildFile; fileRef = A100000123345678000001B /* LeagueStandingsView.swift */; };
		A100000123345678000001C /* NarrativeInsightsView.swift in Sources */ = {isa = PBXBuildFile; fileRef = A100000123345678000001D /* NarrativeInsightsView.swift */; };
		A100000123345678000001E /* PredictionTimelineView.swift in Sources */ = {isa = PBXBuildFile; fileRef = A100000123345678000001F /* PredictionTimelineView.swift */; };
		B1000001233456780000001 /* DashboardModels.swift in Sources */ = {isa = PBXBuildFile; fileRef = B1000001233456780000011 /* DashboardModels.swift */; };
		B1000001233456780000002 /* DashboardView.swift in Sources */ = {isa = PBXBuildFile; fileRef = B1000001233456780000012 /* DashboardView.swift */; };
		B1000001233456780000003 /* AppConfiguration.swift in Sources */ = {isa = PBXBuildFile; fileRef = B1000001233456780000013 /* AppConfiguration.swift */; };
		B1000001233456780000004 /* AlphaStatusBadge.swift in Sources */ = {isa = PBXBuildFile; fileRef = B1000001233456780000014 /* AlphaStatusBadge.swift */; };
		C1000001233456780000001 /* PerfLogger.swift in Sources */ = {isa = PBXBuildFile; fileRef = C1000001233456780000011 /* PerfLogger.swift */; };
		C1000001233456780000002 /* MatchCache.swift in Sources */ = {isa = PBXBuildFile; fileRef = C1000001233456780000012 /* MatchCache.swift */; };
		D1000001233456780000001 /* SkeletonView.swift in Sources */ = {isa = PBXBuildFile; fileRef = D1000001233456780000011 /* SkeletonView.swift */; };
		E1000001233456780000001 /* SearchView.swift in Sources */ = {isa = PBXBuildFile; fileRef = E1000001233456780000011 /* SearchView.swift */; };
/* End PBXBuildFile section */

/* Begin PBXFileReference section */
		714E11DF2F1A0F6D00B428DF /* RobotoCondensed-Light.ttf */ = {isa = PBXFileReference; lastKnownFileType = file; path = "RobotoCondensed-Light.ttf"; sourceTree = "<group>"; };
		714E11E02F1A0F6D00B428DF /* RobotoCondensed-Medium.ttf */ = {isa = PBXFileReference; lastKnownFileType = file; path = "RobotoCondensed-Medium.ttf"; sourceTree = "<group>"; };
		714E11E12F1A0F6D00B428DF /* RobotoCondensed-Regular.ttf */ = {isa = PBXFileReference; lastKnownFileType = file; path = "RobotoCondensed-Regular.ttf"; sourceTree = "<group>"; };
		714E11E22F1A0F6D00B428DF /* SF-Pro.ttf */ = {isa = PBXFileReference; lastKnownFileType = file; path = "SF-Pro.ttf"; sourceTree = "<group>"; };
		7175D7DE2F1C245000358362 /* LiveScoreManager.swift */ = {isa = PBXFileReference; lastKnownFileType = sourcecode.swift; path = LiveScoreManager.swift; sourceTree = "<group>"; };
		719D7CF92F146E7500F0D8C5 /* MatchStatsTableView.swift */ = {isa = PBXFileReference; lastKnownFileType = sourcecode.swift; path = MatchStatsTableView.swift; sourceTree = "<group>"; };
		71DD75F42F1D6DD1006D0BE4 /* BarlowCondensed-Bold.ttf */ = {isa = PBXFileReference; lastKnownFileType = file; path = "BarlowCondensed-Bold.ttf"; sourceTree = "<group>"; };
		71DD75F52F1D6DD1006D0BE4 /* BarlowCondensed-SemiBold.ttf */ = {isa = PBXFileReference; lastKnownFileType = file; path = "BarlowCondensed-SemiBold.ttf"; sourceTree = "<group>"; };
		71DD75F82F1D6DE4006D0BE4 /* BarlowCondensed-Light.ttf */ = {isa = PBXFileReference; lastKnownFileType = file; path = "BarlowCondensed-Light.ttf"; sourceTree = "<group>"; };
		71DD75F92F1D6DE4006D0BE4 /* BarlowCondensed-Medium.ttf */ = {isa = PBXFileReference; lastKnownFileType = file; path = "BarlowCondensed-Medium.ttf"; sourceTree = "<group>"; };
		71DD75FA2F1D6DE4006D0BE4 /* BarlowCondensed-Regular.ttf */ = {isa = PBXFileReference; lastKnownFileType = file; path = "BarlowCondensed-Regular.ttf"; sourceTree = "<group>"; };
		71DFDAFD2F0A0F3000B3351D /* CachedAsyncImage.swift */ = {isa = PBXFileReference; lastKnownFileType = sourcecode.swift; path = CachedAsyncImage.swift; sourceTree = "<group>"; };
		A1000001233456780000010 /* FutbolStats.app */ = {isa = PBXFileReference; explicitFileType = wrapper.application; includeInIndex = 0; path = FutbolStats.app; sourceTree = BUILT_PRODUCTS_DIR; };
		A1000001233456780000011 /* FutbolStatsApp.swift */ = {isa = PBXFileReference; lastKnownFileType = sourcecode.swift; path = FutbolStatsApp.swift; sourceTree = "<group>"; };
		A1000001233456780000012 /* PredictionsListView.swift */ = {isa = PBXFileReference; lastKnownFileType = sourcecode.swift; path = PredictionsListView.swift; sourceTree = "<group>"; };
		A1000001233456780000013 /* MatchDetailView.swift */ = {isa = PBXFileReference; lastKnownFileType = sourcecode.swift; path = MatchDetailView.swift; sourceTree = "<group>"; };
		A1000001233456780000014 /* Match.swift */ = {isa = PBXFileReference; lastKnownFileType = sourcecode.swift; path = Match.swift; sourceTree = "<group>"; };
		A1000001233456780000015 /* APIClient.swift */ = {isa = PBXFileReference; lastKnownFileType = sourcecode.swift; path = APIClient.swift; sourceTree = "<group>"; };
		A1000001233456780000016 /* PredictionsViewModel.swift */ = {isa = PBXFileReference; lastKnownFileType = sourcecode.swift; path = PredictionsViewModel.swift; sourceTree = "<group>"; };
		A1000001233456780000017 /* Assets.xcassets */ = {isa = PBXFileReference; lastKnownFileType = folder.assetcatalog; path = Assets.xcassets; sourceTree = "<group>"; };
		A1000001233456780000018 /* TeamsView.swift */ = {isa = PBXFileReference; lastKnownFileType = sourcecode.swift; path = TeamsView.swift; sourceTree = "<group>"; };
		A1000001233456780000019 /* CompetitionsView.swift */ = {isa = PBXFileReference; lastKnownFileType = sourcecode.swift; path = CompetitionsView.swift; sourceTree = "<group>"; };
		A100000123345678000001B /* LeagueStandingsView.swift */ = {isa = PBXFileReference; lastKnownFileType = sourcecode.swift; path = LeagueStandingsView.swift; sourceTree = "<group>"; };
		A100000123345678000001D /* NarrativeInsightsView.swift */ = {isa = PBXFileReference; lastKnownFileType = sourcecode.swift; path = NarrativeInsightsView.swift; sourceTree = "<group>"; };
		A100000123345678000001F /* PredictionTimelineView.swift */ = {isa = PBXFileReference; lastKnownFileType = sourcecode.swift; path = PredictionTimelineView.swift; sourceTree = "<group>"; };
		B1000001233456780000011 /* DashboardModels.swift */ = {isa = PBXFileReference; lastKnownFileType = sourcecode.swift; path = DashboardModels.swift; sourceTree = "<group>"; };
		B1000001233456780000012 /* DashboardView.swift */ = {isa = PBXFileReference; lastKnownFileType = sourcecode.swift; path = DashboardView.swift; sourceTree = "<group>"; };
		B1000001233456780000013 /* AppConfiguration.swift */ = {isa = PBXFileReference; lastKnownFileType = sourcecode.swift; path = AppConfiguration.swift; sourceTree = "<group>"; };
		B1000001233456780000014 /* AlphaStatusBadge.swift */ = {isa = PBXFileReference; lastKnownFileType = sourcecode.swift; path = AlphaStatusBadge.swift; sourceTree = "<group>"; };
		C1000001233456780000011 /* PerfLogger.swift */ = {isa = PBXFileReference; lastKnownFileType = sourcecode.swift; path = PerfLogger.swift; sourceTree = "<group>"; };
		C1000001233456780000012 /* MatchCache.swift */ = {isa = PBXFileReference; lastKnownFileType = sourcecode.swift; path = MatchCache.swift; sourceTree = "<group>"; };
		D1000001233456780000011 /* SkeletonView.swift */ = {isa = PBXFileReference; lastKnownFileType = sourcecode.swift; path = SkeletonView.swift; sourceTree = "<group>"; };
		E1000001233456780000011 /* SearchView.swift */ = {isa = PBXFileReference; lastKnownFileType = sourcecode.swift; path = SearchView.swift; sourceTree = "<group>"; };
		F1000001233456780000001 /* Debug.xcconfig */ = {isa = PBXFileReference; lastKnownFileType = text.xcconfig; path = Debug.xcconfig; sourceTree = "<group>"; };
		F1000001233456780000002 /* Release.xcconfig */ = {isa = PBXFileReference; lastKnownFileType = text.xcconfig; path = Release.xcconfig; sourceTree = "<group>"; };
		F1000001233456780000003 /* Secrets.xcconfig */ = {isa = PBXFileReference; lastKnownFileType = text.xcconfig; path = Secrets.xcconfig; sourceTree = "<group>"; };
		F1000001233456780000004 /* Secrets.xcconfig.example */ = {isa = PBXFileReference; lastKnownFileType = text; path = Secrets.xcconfig.example; sourceTree = "<group>"; };
/* End PBXFileReference section */

/* Begin PBXFrameworksBuildPhase section */
		A100000123345678000000F /* Frameworks */ = {
			isa = PBXFrameworksBuildPhase;
			buildActionMask = 2147483647;
			files = (
			);
			runOnlyForDeploymentPostprocessing = 0;
		};
/* End PBXFrameworksBuildPhase section */

/* Begin PBXGroup section */
		714E11E32F1A0F6D00B428DF /* Fonts */ = {
			isa = PBXGroup;
			children = (
				71DD75F82F1D6DE4006D0BE4 /* BarlowCondensed-Light.ttf */,
				71DD75F92F1D6DE4006D0BE4 /* BarlowCondensed-Medium.ttf */,
				71DD75FA2F1D6DE4006D0BE4 /* BarlowCondensed-Regular.ttf */,
				71DD75F42F1D6DD1006D0BE4 /* BarlowCondensed-Bold.ttf */,
				71DD75F52F1D6DD1006D0BE4 /* BarlowCondensed-SemiBold.ttf */,
				714E11DF2F1A0F6D00B428DF /* RobotoCondensed-Light.ttf */,
				714E11E02F1A0F6D00B428DF /* RobotoCondensed-Medium.ttf */,
				714E11E12F1A0F6D00B428DF /* RobotoCondensed-Regular.ttf */,
				714E11E22F1A0F6D00B428DF /* SF-Pro.ttf */,
			);
			path = Fonts;
			sourceTree = "<group>";
		};
		A1000001233456780000020 = {
			isa = PBXGroup;
			children = (
				A1000001233456780000021 /* FutbolStats */,
				A1000001233456780000030 /* Products */,
			);
			sourceTree = "<group>";
		};
		A1000001233456780000021 /* FutbolStats */ = {
			isa = PBXGroup;
			children = (
				F1000001233456780000010 /* Config */,
				714E11E32F1A0F6D00B428DF /* Fonts */,
				A1000001233456780000011 /* FutbolStatsApp.swift */,
				A1000001233456780000022 /* Views */,
				A1000001233456780000023 /* ViewModels */,
				A1000001233456780000024 /* Models */,
				A1000001233456780000025 /* Services */,
				A1000001233456780000017 /* Assets.xcassets */,
			);
			path = FutbolStats;
			sourceTree = "<group>";
		};
		A1000001233456780000022 /* Views */ = {
			isa = PBXGroup;
			children = (
				B1000001233456780000020 /* Components */,
				71DFDAFD2F0A0F3000B3351D /* CachedAsyncImage.swift */,
				A1000001233456780000012 /* PredictionsListView.swift */,
				A1000001233456780000013 /* MatchDetailView.swift */,
				D1000001233456780000011 /* SkeletonView.swift */,
				A1000001233456780000018 /* TeamsView.swift */,
				A1000001233456780000019 /* CompetitionsView.swift */,
				719D7CF92F146E7500F0D8C5 /* MatchStatsTableView.swift */,
				A100000123345678000001B /* LeagueStandingsView.swift */,
				A100000123345678000001D /* NarrativeInsightsView.swift */,
				A100000123345678000001F /* PredictionTimelineView.swift */,
				B1000001233456780000012 /* DashboardView.swift */,
				E1000001233456780000011 /* SearchView.swift */,
			);
			path = Views;
			sourceTree = "<group>";
		};
		A1000001233456780000023 /* ViewModels */ = {
			isa = PBXGroup;
			children = (
				A1000001233456780000016 /* PredictionsViewModel.swift */,
			);
			path = ViewModels;
			sourceTree = "<group>";
		};
		A1000001233456780000024 /* Models */ = {
			isa = PBXGroup;
			children = (
				A1000001233456780000014 /* Match.swift */,
				B1000001233456780000011 /* DashboardModels.swift */,
			);
			path = Models;
			sourceTree = "<group>";
		};
		A1000001233456780000025 /* Services */ = {
			isa = PBXGroup;
			children = (
				7175D7DE2F1C245000358362 /* LiveScoreManager.swift */,
				A1000001233456780000015 /* APIClient.swift */,
				B1000001233456780000013 /* AppConfiguration.swift */,
				C1000001233456780000012 /* MatchCache.swift */,
				C1000001233456780000011 /* PerfLogger.swift */,
			);
			path = Services;
			sourceTree = "<group>";
		};
		A1000001233456780000030 /* Products */ = {
			isa = PBXGroup;
			children = (
				A1000001233456780000010 /* FutbolStats.app */,
			);
			name = Products;
			sourceTree = "<group>";
		};
		B1000001233456780000020 /* Components */ = {
			isa = PBXGroup;
			children = (
				B1000001233456780000014 /* AlphaStatusBadge.swift */,
			);
			path = Components;
			sourceTree = "<group>";
		};
		F1000001233456780000010 /* Config */ = {
			isa = PBXGroup;
			children = (
				F1000001233456780000001 /* Debug.xcconfig */,
				F1000001233456780000002 /* Release.xcconfig */,
				F1000001233456780000003 /* Secrets.xcconfig */,
				F1000001233456780000004 /* Secrets.xcconfig.example */,
			);
			path = Config;
			sourceTree = "<group>";
		};
/* End PBXGroup section */

/* Begin PBXNativeTarget section */
		A1000001233456780000040 /* FutbolStats */ = {
			isa = PBXNativeTarget;
			buildConfigurationList = A1000001233456780000060 /* Build configuration list for PBXNativeTarget "FutbolStats" */;
			buildPhases = (
				A100000123345678000000E /* Sources */,
				A100000123345678000000F /* Frameworks */,
				A1000001233456780000041 /* Resources */,
			);
			buildRules = (
			);
			dependencies = (
			);
			name = FutbolStats;
			productName = FutbolStats;
			productReference = A1000001233456780000010 /* FutbolStats.app */;
			productType = "com.apple.product-type.application";
		};
/* End PBXNativeTarget section */

/* Begin PBXProject section */
		A1000001233456780000050 /* Project object */ = {
			isa = PBXProject;
			attributes = {
				BuildIndependentTargetsInParallel = 1;
				LastSwiftUpdateCheck = 1500;
				LastUpgradeCheck = 2620;
				TargetAttributes = {
					A1000001233456780000040 = {
						CreatedOnToolsVersion = 15.0;
					};
				};
			};
			buildConfigurationList = A1000001233456780000051 /* Build configuration list for PBXProject "FutbolStats" */;
			compatibilityVersion = "Xcode 14.0";
			developmentRegion = en;
			hasScannedForEncodings = 0;
			knownRegions = (
				en,
				Base,
				es,
			);
			mainGroup = A1000001233456780000020;
			productRefGroup = A1000001233456780000030 /* Products */;
			projectDirPath = "";
			projectRoot = "";
			targets = (
				A1000001233456780000040 /* FutbolStats */,
			);
		};
/* End PBXProject section */

/* Begin PBXResourcesBuildPhase section */
		A1000001233456780000041 /* Resources */ = {
			isa = PBXResourcesBuildPhase;
			buildActionMask = 2147483647;
			files = (
				71DD75F62F1D6DD1006D0BE4 /* BarlowCondensed-SemiBold.ttf in Resources */,
				71DD75F72F1D6DD1006D0BE4 /* BarlowCondensed-Bold.ttf in Resources */,
				71DD75FB2F1D6DE4006D0BE4 /* BarlowCondensed-Medium.ttf in Resources */,
				71DD75FC2F1D6DE4006D0BE4 /* BarlowCondensed-Regular.ttf in Resources */,
				71DD75FD2F1D6DE4006D0BE4 /* BarlowCondensed-Light.ttf in Resources */,
				A1000001233456780000007 /* Assets.xcassets in Resources */,
				714E11E42F1A0F6D00B428DF /* RobotoCondensed-Light.ttf in Resources */,
				714E11E52F1A0F6D00B428DF /* RobotoCondensed-Medium.ttf in Resources */,
				714E11E62F1A0F6D00B428DF /* RobotoCondensed-Regular.ttf in Resources */,
				714E11E72F1A0F6D00B428DF /* SF-Pro.ttf in Resources */,
			);
			runOnlyForDeploymentPostprocessing = 0;
		};
/* End PBXResourcesBuildPhase section */

/* Begin PBXSourcesBuildPhase section */
		A100000123345678000000E /* Sources */ = {
			isa = PBXSourcesBuildPhase;
			buildActionMask = 2147483647;
			files = (
				A1000001233456780000001 /* FutbolStatsApp.swift in Sources */,
				A1000001233456780000002 /* PredictionsListView.swift in Sources */,
				A1000001233456780000003 /* MatchDetailView.swift in Sources */,
				D1000001233456780000001 /* SkeletonView.swift in Sources */,
				A1000001233456780000004 /* Match.swift in Sources */,
				A1000001233456780000005 /* APIClient.swift in Sources */,
				A1000001233456780000006 /* PredictionsViewModel.swift in Sources */,
				A1000001233456780000008 /* TeamsView.swift in Sources */,
				7175D7DF2F1C245000358362 /* LiveScoreManager.swift in Sources */,
				A1000001233456780000009 /* CompetitionsView.swift in Sources */,
				71DFDAFE2F0A0F3000B3351D /* CachedAsyncImage.swift in Sources */,
				A100000123345678000001A /* LeagueStandingsView.swift in Sources */,
				A100000123345678000001C /* NarrativeInsightsView.swift in Sources */,
				A100000123345678000001E /* PredictionTimelineView.swift in Sources */,
				B1000001233456780000001 /* DashboardModels.swift in Sources */,
				B1000001233456780000002 /* DashboardView.swift in Sources */,
				719D7CFA2F146E7500F0D8C5 /* MatchStatsTableView.swift in Sources */,
				B1000001233456780000003 /* AppConfiguration.swift in Sources */,
				B1000001233456780000004 /* AlphaStatusBadge.swift in Sources */,
				C1000001233456780000001 /* PerfLogger.swift in Sources */,
				C1000001233456780000002 /* MatchCache.swift in Sources */,
				E1000001233456780000001 /* SearchView.swift in Sources */,
			);
			runOnlyForDeploymentPostprocessing = 0;
		};
/* End PBXSourcesBuildPhase section */

/* Begin XCBuildConfiguration section */
		A1000001233456780000052 /* Debug */ = {
			isa = XCBuildConfiguration;
			baseConfigurationReference = F1000001233456780000001 /* Debug.xcconfig */;
			buildSettings = {
				ALWAYS_SEARCH_USER_PATHS = NO;
				ASSETCATALOG_COMPILER_GENERATE_SWIFT_ASSET_SYMBOL_EXTENSIONS = YES;
				CLANG_ANALYZER_LOCALIZABILITY_NONLOCALIZED = YES;
				CLANG_ANALYZER_NONNULL = YES;
				CLANG_ANALYZER_NUMBER_OBJECT_CONVERSION = YES_AGGRESSIVE;
				CLANG_CXX_LANGUAGE_STANDARD = "gnu++20";
				CLANG_ENABLE_MODULES = YES;
				CLANG_ENABLE_OBJC_ARC = YES;
				CLANG_ENABLE_OBJC_WEAK = YES;
				CLANG_WARN_BLOCK_CAPTURE_AUTORELEASING = YES;
				CLANG_WARN_BOOL_CONVERSION = YES;
				CLANG_WARN_COMMA = YES;
				CLANG_WARN_CONSTANT_CONVERSION = YES;
				CLANG_WARN_DEPRECATED_OBJC_IMPLEMENTATIONS = YES;
				CLANG_WARN_DIRECT_OBJC_ISA_USAGE = YES_ERROR;
				CLANG_WARN_DOCUMENTATION_COMMENTS = YES;
				CLANG_WARN_EMPTY_BODY = YES;
				CLANG_WARN_ENUM_CONVERSION = YES;
				CLANG_WARN_INFINITE_RECURSION = YES;
				CLANG_WARN_INT_CONVERSION = YES;
				CLANG_WARN_NON_LITERAL_NULL_CONVERSION = YES;
				CLANG_WARN_OBJC_IMPLICIT_RETAIN_SELF = YES;
				CLANG_WARN_OBJC_LITERAL_CONVERSION = YES;
				CLANG_WARN_OBJC_ROOT_CLASS = YES_ERROR;
				CLANG_WARN_QUOTED_INCLUDE_IN_FRAMEWORK_HEADER = YES;
				CLANG_WARN_RANGE_LOOP_ANALYSIS = YES;
				CLANG_WARN_STRICT_PROTOTYPES = YES;
				CLANG_WARN_SUSPICIOUS_MOVE = YES;
				CLANG_WARN_UNGUARDED_AVAILABILITY = YES_AGGRESSIVE;
				CLANG_WARN_UNREACHABLE_CODE = YES;
				CLANG_WARN__DUPLICATE_METHOD_MATCH = YES;
				COPY_PHASE_STRIP = NO;
				DEBUG_INFORMATION_FORMAT = dwarf;
				DEVELOPMENT_TEAM = B6HGFSK2Y9;
				ENABLE_STRICT_OBJC_MSGSEND = YES;
				ENABLE_TESTABILITY = YES;
				ENABLE_USER_SCRIPT_SANDBOXING = YES;
				GCC_C_LANGUAGE_STANDARD = gnu17;
				GCC_DYNAMIC_NO_PIC = NO;
				GCC_NO_COMMON_BLOCKS = YES;
				GCC_OPTIMIZATION_LEVEL = 0;
				GCC_PREPROCESSOR_DEFINITIONS = (
					"DEBUG=1",
					"$(inherited)",
				);
				GCC_WARN_64_TO_32_BIT_CONVERSION = YES;
				GCC_WARN_ABOUT_RETURN_TYPE = YES_ERROR;
				GCC_WARN_UNDECLARED_SELECTOR = YES;
				GCC_WARN_UNINITIALIZED_AUTOS = YES_AGGRESSIVE;
				GCC_WARN_UNUSED_FUNCTION = YES;
				GCC_WARN_UNUSED_VARIABLE = YES;
				IPHONEOS_DEPLOYMENT_TARGET = 17.0;
				LOCALIZATION_PREFERS_STRING_CATALOGS = YES;
				MTL_ENABLE_DEBUG_INFO = INCLUDE_SOURCE;
				MTL_FAST_MATH = YES;
				ONLY_ACTIVE_ARCH = YES;
				SDKROOT = iphoneos;
				STRING_CATALOG_GENERATE_SYMBOLS = YES;
				SWIFT_ACTIVE_COMPILATION_CONDITIONS = "DEBUG $(inherited)";
				SWIFT_OPTIMIZATION_LEVEL = "-Onone";
			};
			name = Debug;
		};
		A1000001233456780000053 /* Release */ = {
			isa = XCBuildConfiguration;
			baseConfigurationReference = F1000001233456780000002 /* Release.xcconfig */;
			buildSettings = {
				ALWAYS_SEARCH_USER_PATHS = NO;
				ASSETCATALOG_COMPILER_GENERATE_SWIFT_ASSET_SYMBOL_EXTENSIONS = YES;
				CLANG_ANALYZER_LOCALIZABILITY_NONLOCALIZED = YES;
				CLANG_ANALYZER_NONNULL = YES;
				CLANG_ANALYZER_NUMBER_OBJECT_CONVERSION = YES_AGGRESSIVE;
				CLANG_CXX_LANGUAGE_STANDARD = "gnu++20";
				CLANG_ENABLE_MODULES = YES;
				CLANG_ENABLE_OBJC_ARC = YES;
				CLANG_ENABLE_OBJC_WEAK = YES;
				CLANG_WARN_BLOCK_CAPTURE_AUTORELEASING = YES;
				CLANG_WARN_BOOL_CONVERSION = YES;
				CLANG_WARN_COMMA = YES;
				CLANG_WARN_CONSTANT_CONVERSION = YES;
				CLANG_WARN_DEPRECATED_OBJC_IMPLEMENTATIONS = YES;
				CLANG_WARN_DIRECT_OBJC_ISA_USAGE = YES_ERROR;
				CLANG_WARN_DOCUMENTATION_COMMENTS = YES;
				CLANG_WARN_EMPTY_BODY = YES;
				CLANG_WARN_ENUM_CONVERSION = YES;
				CLANG_WARN_INFINITE_RECURSION = YES;
				CLANG_WARN_INT_CONVERSION = YES;
				CLANG_WARN_NON_LITERAL_NULL_CONVERSION = YES;
				CLANG_WARN_OBJC_IMPLICIT_RETAIN_SELF = YES;
				CLANG_WARN_OBJC_LITERAL_CONVERSION = YES;
				CLANG_WARN_OBJC_ROOT_CLASS = YES_ERROR;
				CLANG_WARN_QUOTED_INCLUDE_IN_FRAMEWORK_HEADER = YES;
				CLANG_WARN_RANGE_LOOP_ANALYSIS = YES;
				CLANG_WARN_STRICT_PROTOTYPES = YES;
				CLANG_WARN_SUSPICIOUS_MOVE = YES;
				CLANG_WARN_UNGUARDED_AVAILABILITY = YES_AGGRESSIVE;
				CLANG_WARN_UNREACHABLE_CODE = YES;
				CLANG_WARN__DUPLICATE_METHOD_MATCH = YES;
				COPY_PHASE_STRIP = NO;
				DEBUG_INFORMATION_FORMAT = "dwarf-with-dsym";
				DEVELOPMENT_TEAM = B6HGFSK2Y9;
				ENABLE_NS_ASSERTIONS = NO;
				ENABLE_STRICT_OBJC_MSGSEND = YES;
				ENABLE_USER_SCRIPT_SANDBOXING = YES;
				GCC_C_LANGUAGE_STANDARD = gnu17;
				GCC_NO_COMMON_BLOCKS = YES;
				GCC_WARN_64_TO_32_BIT_CONVERSION = YES;
				GCC_WARN_ABOUT_RETURN_TYPE = YES_ERROR;
				GCC_WARN_UNDECLARED_SELECTOR = YES;
				GCC_WARN_UNINITIALIZED_AUTOS = YES_AGGRESSIVE;
				GCC_WARN_UNUSED_FUNCTION = YES;
				GCC_WARN_UNUSED_VARIABLE = YES;
				IPHONEOS_DEPLOYMENT_TARGET = 17.0;
				LOCALIZATION_PREFERS_STRING_CATALOGS = YES;
				MTL_ENABLE_DEBUG_INFO = NO;
				MTL_FAST_MATH = YES;
				SDKROOT = iphoneos;
				STRING_CATALOG_GENERATE_SYMBOLS = YES;
				SWIFT_COMPILATION_MODE = wholemodule;
				VALIDATE_PRODUCT = YES;
			};
			name = Release;
		};
		A1000001233456780000061 /* Debug */ = {
			isa = XCBuildConfiguration;
			buildSettings = {
				ASSETCATALOG_COMPILER_APPICON_NAME = AppIcon;
				ASSETCATALOG_COMPILER_GLOBAL_ACCENT_COLOR_NAME = AccentColor;
				CODE_SIGN_STYLE = Automatic;
				CURRENT_PROJECT_VERSION = 1;
				ENABLE_PREVIEWS = YES;
				GENERATE_INFOPLIST_FILE = YES;
				INFOPLIST_FILE = FutbolStats/Info.plist;
				INFOPLIST_KEY_CFBundleDisplayName = FutbolStats;
				INFOPLIST_KEY_LSApplicationCategoryType = "public.app-category.sports";
				INFOPLIST_KEY_UIApplicationSceneManifest_Generation = YES;
				INFOPLIST_KEY_UIApplicationSupportsIndirectInputEvents = YES;
				INFOPLIST_KEY_UILaunchScreen_Generation = YES;
				INFOPLIST_KEY_UISupportedInterfaceOrientations_iPad = "UIInterfaceOrientationPortrait UIInterfaceOrientationPortraitUpsideDown UIInterfaceOrientationLandscapeLeft UIInterfaceOrientationLandscapeRight";
				INFOPLIST_KEY_UISupportedInterfaceOrientations_iPhone = "UIInterfaceOrientationPortrait UIInterfaceOrientationLandscapeLeft UIInterfaceOrientationLandscapeRight";
				LD_RUNPATH_SEARCH_PATHS = (
					"$(inherited)",
					"@executable_path/Frameworks",
				);
				MARKETING_VERSION = 1.0;
				PRODUCT_BUNDLE_IDENTIFIER = com.futbolstats.app;
				PRODUCT_NAME = "$(TARGET_NAME)";
				SUPPORTED_PLATFORMS = "iphoneos iphonesimulator";
				SUPPORTS_MACCATALYST = YES;
				SUPPORTS_MAC_DESIGNED_FOR_IPHONE_IPAD = NO;
				SWIFT_EMIT_LOC_STRINGS = YES;
				SWIFT_VERSION = 5.0;
				TARGETED_DEVICE_FAMILY = "1,2";
			};
			name = Debug;
		};
		A1000001233456780000062 /* Release */ = {
			isa = XCBuildConfiguration;
			buildSettings = {
				ASSETCATALOG_COMPILER_APPICON_NAME = AppIcon;
				ASSETCATALOG_COMPILER_GLOBAL_ACCENT_COLOR_NAME = AccentColor;
				CODE_SIGN_STYLE = Automatic;
				CURRENT_PROJECT_VERSION = 1;
				ENABLE_PREVIEWS = YES;
				GENERATE_INFOPLIST_FILE = YES;
				INFOPLIST_FILE = FutbolStats/Info.plist;
				INFOPLIST_KEY_CFBundleDisplayName = FutbolStats;
				INFOPLIST_KEY_LSApplicationCategoryType = "public.app-category.sports";
				INFOPLIST_KEY_UIApplicationSceneManifest_Generation = YES;
				INFOPLIST_KEY_UIApplicationSupportsIndirectInputEvents = YES;
				INFOPLIST_KEY_UILaunchScreen_Generation = YES;
				INFOPLIST_KEY_UISupportedInterfaceOrientations_iPad = "UIInterfaceOrientationPortrait UIInterfaceOrientationPortraitUpsideDown UIInterfaceOrientationLandscapeLeft UIInterfaceOrientationLandscapeRight";
				INFOPLIST_KEY_UISupportedInterfaceOrientations_iPhone = "UIInterfaceOrientationPortrait UIInterfaceOrientationLandscapeLeft UIInterfaceOrientationLandscapeRight";
				LD_RUNPATH_SEARCH_PATHS = (
					"$(inherited)",
					"@executable_path/Frameworks",
				);
				MARKETING_VERSION = 1.0;
				PRODUCT_BUNDLE_IDENTIFIER = com.futbolstats.app;
				PRODUCT_NAME = "$(TARGET_NAME)";
				SUPPORTED_PLATFORMS = "iphoneos iphonesimulator";
				SUPPORTS_MACCATALYST = YES;
				SUPPORTS_MAC_DESIGNED_FOR_IPHONE_IPAD = NO;
				SWIFT_EMIT_LOC_STRINGS = YES;
				SWIFT_VERSION = 5.0;
				TARGETED_DEVICE_FAMILY = "1,2";
			};
			name = Release;
		};
/* End XCBuildConfiguration section */

/* Begin XCConfigurationList section */
		A1000001233456780000051 /* Build configuration list for PBXProject "FutbolStats" */ = {
			isa = XCConfigurationList;
			buildConfigurations = (
				A1000001233456780000052 /* Debug */,
				A1000001233456780000053 /* Release */,
			);
			defaultConfigurationIsVisible = 0;
			defaultConfigurationName = Release;
		};
		A1000001233456780000060 /* Build configuration list for PBXNativeTarget "FutbolStats" */ = {
			isa = XCConfigurationList;
			buildConfigurations = (
				A1000001233456780000061 /* Debug */,
				A1000001233456780000062 /* Release */,
			);
			defaultConfigurationIsVisible = 0;
			defaultConfigurationName = Release;
		};
/* End XCConfigurationList section */
	};
	rootObject = A1000001233456780000050 /* Project object */;
}
